
Microsoft Visual Studio Solution File, Format Version 12.00
# Visual Studio Version 17
VisualStudioVersion = 17.4.33213.308
MinimumVisualStudioVersion = 10.0.40219.1
Project("{9A19103F-16F7-4668-BE54-9A1E7A4F7556}") = "Blog", "Blog.csproj", "{B024A2C0-207F-46E2-B168-45AD3BF5A4BA}"
EndProject
Global
	GlobalSection(SolutionConfigurationPlatforms) = preSolution
		Debug|Any CPU = Debug|Any CPU
		Release|Any CPU = Release|Any CPU
	EndGlobalSection
	GlobalSection(ProjectConfigurationPlatforms) = postSolution
		{B024A2C0-207F-46E2-B168-45AD3BF5A4BA}.Debug|Any CPU.ActiveCfg = Debug|Any CPU
		{B024A2C0-207F-46E2-B168-45AD3BF5A4BA}.Debug|Any CPU.Build.0 = Debug|Any CPU
		{B024A2C0-207F-46E2-B168-45AD3BF5A4BA}.Release|Any CPU.ActiveCfg = Release|Any CPU
		{B024A2C0-207F-46E2-B168-45AD3BF5A4BA}.Release|Any CPU.Build.0 = Release|Any CPU
	EndGlobalSection
	GlobalSection(SolutionProperties) = preSolution
		HideSolutionNode = FALSE
	EndGlobalSection
	GlobalSection(ExtensibilityGlobals) = postSolution
		SolutionGuid = {4DC9F9EC-0FA6-452C-8561-45980B64E6CC}
	EndGlobalSection
EndGlobal
